Microsoft Visual Studio Solution File, Format Version 12.00
# Visual Studio 2012
Project("{FAE04EC0-301F-11D3-BF4B-00C04F79EFBC}") = "2DTutorial", "2DTutorial.csproj", "{2486F173-1AC6-46C7-94DF-254E84088F04}"
EndProject
Global
	GlobalSection(SolutionConfigurationPlatforms) = preSolution
	Debug|Any CPU = Debug|Any CPU
	ExportDebug|Any CPU = ExportDebug|Any CPU
	ExportRelease|Any CPU = ExportRelease|Any CPU
	EndGlobalSection
	GlobalSection(ProjectConfigurationPlatforms) = postSolution
		{2486F173-1AC6-46C7-94DF-254E84088F04}.Debug|Any CPU.ActiveCfg = Debug|Any CPU
		{2486F173-1AC6-46C7-94DF-254E84088F04}.Debug|Any CPU.Build.0 = Debug|Any CPU
		{2486F173-1AC6-46C7-94DF-254E84088F04}.ExportDebug|Any CPU.ActiveCfg = ExportDebug|Any CPU
		{2486F173-1AC6-46C7-94DF-254E84088F04}.ExportDebug|Any CPU.Build.0 = ExportDebug|Any CPU
		{2486F173-1AC6-46C7-94DF-254E84088F04}.ExportRelease|Any CPU.ActiveCfg = ExportRelease|Any CPU
		{2486F173-1AC6-46C7-94DF-254E84088F04}.ExportRelease|Any CPU.Build.0 = ExportRelease|Any CPU
	EndGlobalSection
EndGlobal
